# This file is automatically @generated by Poetry 1.8.1 and should not be changed by hand.

[[package]]
name = "pyjokes"
version = "0.6.0"
description = "One line jokes for programmers (jokes as a service)"
optional = false
python-versions = "*"
files = [
    {file = "pyjokes-0.6.0-py2.py3-none-any.whl", hash = "sha256:70b6125186dee5845038505cd16b5e09250da46c730e36b44ffd870e3c81aaaa"},
    {file = "pyjokes-0.6.0.tar.gz", hash = "sha256:08860eedb78cbfa4618243c8db088f21c39823ece1fdaf0133e52d9c56e981a5"},
]

[package.extras]
doc = ["mkdocs"]
test = ["coverage", "pytest", "tox"]

[metadata]
lock-version = "2.0"
python-versions = "^3.8"
content-hash = "ccf4608d9b15b5fe1d7237a4e2b3dd21b21003caba4f82223ccdf259fd4c4189"
